Microsoft Visual Studio Solution File, Format Version 12.00
# Visual Studio 15
VisualStudioVersion = 15.0.27004.2005
MinimumVisualStudioVersion = 10.0.40219.1
Project("{9A19103F-16F7-4668-BE54-9A1E7A4F7556}") = "Unity.Mvc", "src\Unity.Mvc.csproj", "{EECD2BD0-11FC-4A97-8187-E2CA7A744CC4}"
EndProject
Project("{9A19103F-16F7-4668-BE54-9A1E7A4F7556}") = "MVC.Tests", "tests\MVC.Tests.csproj", "{98E27D55-D3DA-4D24-8282-74993989AAA2}"
EndProject
Global
	GlobalSection(SolutionConfigurationPlatforms) = preSolution
		Debug|Any CPU = Debug|Any CPU
		Package|Any CPU = Package|Any CPU
		Release|Any CPU = Release|Any CPU
	EndGlobalSection
	GlobalSection(ProjectConfigurationPlatforms) = postSolution
		{EECD2BD0-11FC-4A97-8187-E2CA7A744CC4}.Debug|Any CPU.ActiveCfg = Debug|Any CPU
		{EECD2BD0-11FC-4A97-8187-E2CA7A744CC4}.Debug|Any CPU.Build.0 = Debug|Any CPU
		{EECD2BD0-11FC-4A97-8187-E2CA7A744CC4}.Package|Any CPU.ActiveCfg = Package|Any CPU
		{EECD2BD0-11FC-4A97-8187-E2CA7A744CC4}.Package|Any CPU.Build.0 = Package|Any CPU
		{EECD2BD0-11FC-4A97-8187-E2CA7A744CC4}.Release|Any CPU.ActiveCfg = Release|Any CPU
		{EECD2BD0-11FC-4A97-8187-E2CA7A744CC4}.Release|Any CPU.Build.0 = Release|Any CPU
		{98E27D55-D3DA-4D24-8282-74993989AAA2}.Debug|Any CPU.ActiveCfg = Debug|Any CPU
		{98E27D55-D3DA-4D24-8282-74993989AAA2}.Debug|Any CPU.Build.0 = Debug|Any CPU
		{98E27D55-D3DA-4D24-8282-74993989AAA2}.Package|Any CPU.ActiveCfg = Debug|Any CPU
		{98E27D55-D3DA-4D24-8282-74993989AAA2}.Package|Any CPU.Build.0 = Debug|Any CPU
		{98E27D55-D3DA-4D24-8282-74993989AAA2}.Release|Any CPU.ActiveCfg = Release|Any CPU
		{98E27D55-D3DA-4D24-8282-74993989AAA2}.Release|Any CPU.Build.0 = Release|Any CPU
	EndGlobalSection
	GlobalSection(SolutionProperties) = preSolution
		HideSolutionNode = FALSE
	EndGlobalSection
	GlobalSection(ExtensibilityGlobals) = postSolution
		SolutionGuid = {7D864CD1-AEA6-4EDF-B8F8-071CE7F88251}
	EndGlobalSection
EndGlobal
